{
  "nodes": {
    "flake-compat": {
      "flake": false,
      "locked": {
        "lastModified": 1767039857,
        "narHash": "sha256-vNpUSpF5Nuw8xvDLj2KCwwksIbjua2LZCqhV1LNRDns=",
        "owner": "NixOS",
        "repo": "flake-compat",
        "rev": "5edf11c44bc78a0d334f6334cdaf7d60d732daab",
        "type": "github"
      },
      "original": {
        "owner": "NixOS",
        "repo": "flake-compat",
        "type": "github"
      }
    },
    "flake-parts": {
      "inputs": {
        "nixpkgs-lib": "nixpkgs-lib"
      },
      "locked": {
        "lastModified": 1785627969,
        "narHash": "sha256-4dtXQk/NMePegK/nWp5NSeuZKLATItOq61lpEvmXqGw=",
        "owner": "hercules-ci",
        "repo": "flake-parts",
        "rev": "427bf4bd9435fdf21321c8cc628c24efc14c0f7a",
        "type": "github"
      },
      "original": {
        "owner": "hercules-ci",
        "repo": "flake-parts",
        "type": "github"
      }
    },
    "flake-parts_2": {
      "inputs": {
        "nixpkgs-lib": "nixpkgs-lib_2"
      },
      "locked": {
        "lastModified": 1785627969,
        "narHash": "sha256-4dtXQk/NMePegK/nWp5NSeuZKLATItOq61lpEvmXqGw=",
        "owner": "hercules-ci",
        "repo": "flake-parts",
        "rev": "427bf4bd9435fdf21321c8cc628c24efc14c0f7a",
        "type": "github"
      },
      "original": {
        "owner": "hercules-ci",
        "repo": "flake-parts",
        "type": "github"
      }
    },
    "home-manager": {
      "inputs": {
        "nixpkgs": [
          "nixpkgs"
        ]
      },
      "locked": {
        "lastModified": 1786999651,
        "narHash": "sha256-MTGMFlLDTklsXhCp4r5GXB4VAVadPdalXLvUjd/K7h0=",
        "owner": "nix-community",
        "repo": "home-manager",
        "rev": "353742587cbaf079b3caee743115d037bc51fea6",
        "type": "github"
      },
      "original": {
        "owner": "nix-community",
        "repo": "home-manager",
        "type": "github"
      }
    },
    "low-latency-layer": {
      "inputs": {
        "nixpkgs": [
          "nixpkgs"
        ]
      },
      "locked": {
        "lastModified": 1785752533,
        "narHash": "sha256-d+K5BI8atdwDgNe19GR+oWNP827rai9WXojy/3hFSow=",
        "owner": "nmetschke",
        "repo": "nixos-low-latency-layer",
        "rev": "27bc6465593e4a35f9ad67a1d8af00884c3a83c6",
        "type": "github"
      },
      "original": {
        "owner": "nmetschke",
        "repo": "nixos-low-latency-layer",
        "type": "github"
      }
    },
    "millennium": {
      "inputs": {
        "millennium-src": "millennium-src",
        "nixpkgs": [
          "nixos-millennium",
          "nixpkgs"
        ]
      },
      "locked": {
        "dir": "packages/nix",
        "lastModified": 1786922383,
        "narHash": "sha256-+E0WbVzK+s+7mQ5b8hpOnzaqDlwTf6BMqauE52QzDbE=",
        "owner": "SteamClientHomebrew",
        "repo": "Millennium",
        "rev": "03a0fc753561fa963ce16e9da0e4d84ac615f03a",
        "type": "github"
      },
      "original": {
        "dir": "packages/nix",
        "owner": "SteamClientHomebrew",
        "ref": "next",
        "repo": "Millennium",
        "type": "github"
      }
    },
    "millennium-src": {
      "flake": false,
      "locked": {
        "lastModified": 1785812236,
        "narHash": "sha256-LHMtSbam5jfCpj+iNMMqd/ix5ehb3kIir0m0mTJfjP0=",
        "owner": "SteamClientHomebrew",
        "repo": "Millennium",
        "rev": "fd2d56974074af2794d36c2553fbbf9a658ad7bb",
        "type": "github"
      },
      "original": {
        "owner": "SteamClientHomebrew",
        "repo": "Millennium",
        "rev": "fd2d56974074af2794d36c2553fbbf9a658ad7bb",
        "type": "github"
      }
    },
    "nix-cachyos-kernel": {
      "inputs": {
        "flake-compat": "flake-compat",
        "flake-parts": "flake-parts",
        "nixpkgs": "nixpkgs"
      },
      "locked": {
        "lastModified": 1786989576,
        "narHash": "sha256-Jro2RpF1ztNVSPEkzmr+Qc0pUOIhZ76Efg49SoRgSBE=",
        "owner": "xddxdd",
        "repo": "nix-cachyos-kernel",
        "rev": "8d8e6d187674d138720bbd9094e150fed6101d11",
        "type": "github"
      },
      "original": {
        "owner": "xddxdd",
        "ref": "release",
        "repo": "nix-cachyos-kernel",
        "type": "github"
      }
    },
    "nixos-millennium": {
      "inputs": {
        "flake-parts": "flake-parts_2",
        "millennium": "millennium",
        "nixpkgs": [
          "nixpkgs"
        ],
        "systems": "systems"
      },
      "locked": {
        "lastModified": 1786929977,
        "narHash": "sha256-o40Nqv+6n0vV8ofXoDIsZ5JkwMtbYvivb1QpUvm6v0c=",
        "owner": "re1n0",
        "repo": "nixos-millennium",
        "rev": "16b00b66744ae4f259ea4c6456c31a5184d9eb64",
        "type": "github"
      },
      "original": {
        "owner": "re1n0",
        "repo": "nixos-millennium",
        "type": "github"
      }
    },
    "nixpkgs": {
      "locked": {
        "lastModified": 1786935457,
        "narHash": "sha256-kraAoy5+byR1VkJdQk2FTPSUAN6Pta4fyN3ywHcPAcc=",
        "owner": "NixOS",
        "repo": "nixpkgs",
        "rev": "4df4976d944e0057c4c9f99919c6cda2c623563a",
        "type": "github"
      },
      "original": {
        "owner": "NixOS",
        "ref": "nixos-unstable-small",
        "repo": "nixpkgs",
        "type": "github"
      }
    },
    "nixpkgs-lib": {
      "locked": {
        "lastModified": 1785031560,
        "narHash": "sha256-OmshNvn2vupOFpYinLUu+1Dnpu4n7Q5N3ggGVNHpkUI=",
        "owner": "nix-community",
        "repo": "nixpkgs.lib",
        "rev": "0e79af5e3d4dcfcd676ab5ba3f95d2e3352e078c",
        "type": "github"
      },
      "original": {
        "owner": "nix-community",
        "repo": "nixpkgs.lib",
        "type": "github"
      }
    },
    "nixpkgs-lib_2": {
      "locked": {
        "lastModified": 1785031560,
        "narHash": "sha256-OmshNvn2vupOFpYinLUu+1Dnpu4n7Q5N3ggGVNHpkUI=",
        "owner": "nix-community",
        "repo": "nixpkgs.lib",
        "rev": "0e79af5e3d4dcfcd676ab5ba3f95d2e3352e078c",
        "type": "github"
      },
      "original": {
        "owner": "nix-community",
        "repo": "nixpkgs.lib",
        "type": "github"
      }
    },
    "nixpkgs-stable": {
      "locked": {
        "lastModified": 1786943417,
        "narHash": "sha256-eVWN0FVPJSK7wgm9SxzFwd6FNRWoJN2oAe3M6MbpZ8U=",
        "rev": "0dd31db7e6dbf9ce05697c4545f6fe01accec994",
        "type": "tarball",
        "url": "https://releases.nixos.org/nixos/26.05/nixos-26.05.7813.0dd31db7e6db/nixexprs.tar.xz"
      },
      "original": {
        "id": "nixpkgs",
        "ref": "nixos-26.05",
        "type": "indirect"
      }
    },
    "nixpkgs_2": {
      "locked": {
        "lastModified": 1786862985,
        "narHash": "sha256-FBJRXmbGXiSUDvYEbfLYRkckayyZ6SK1UEqhCrIZ2Cs=",
        "owner": "NixOS",
        "repo": "nixpkgs",
        "rev": "e5bdc4a41d4c072fe1e3787eaa0320a384741d44",
        "type": "github"
      },
      "original": {
        "owner": "NixOS",
        "ref": "nixos-unstable",
        "repo": "nixpkgs",
        "type": "github"
      }
    },
    "noctalia": {
      "inputs": {
        "nixpkgs": [
          "nixpkgs"
        ]
      },
      "locked": {
        "lastModified": 1787000081,
        "narHash": "sha256-sFyoCSeC+vwQUjQ54e2EBYh9EdYc7yGp31whjaYOOfk=",
        "owner": "noctalia-dev",
        "repo": "noctalia",
        "rev": "74db8e7a62c04e85c876da4827405700455c160c",
        "type": "github"
      },
      "original": {
        "owner": "noctalia-dev",
        "repo": "noctalia",
        "type": "github"
      }
    },
    "root": {
      "inputs": {
        "home-manager": "home-manager",
        "low-latency-layer": "low-latency-layer",
        "nix-cachyos-kernel": "nix-cachyos-kernel",
        "nixos-millennium": "nixos-millennium",
        "nixpkgs": "nixpkgs_2",
        "nixpkgs-stable": "nixpkgs-stable",
        "noctalia": "noctalia"
      }
    },
    "systems": {
      "locked": {
        "lastModified": 1681028828,
        "narHash": "sha256-Vy1rq5AaRuLzOxct8nz4T6wlgyUR7zLU309k9mBC768=",
        "owner": "nix-systems",
        "repo": "default",
        "rev": "da67096a3b9bf56a91d16901293e51ba5b49a27e",
        "type": "github"
      },
      "original": {
        "owner": "nix-systems",
        "repo": "default",
        "type": "github"
      }
    }
  },
  "root": "root",
  "version": 7
}
