{
  "nodes": {
    "flake-compat": {
      "flake": false,
      "locked": {
        "lastModified": 1767039857,
        "narHash": "sha256-vNpUSpF5Nuw8xvDLj2KCwwksIbjua2LZCqhV1LNRDns=",
        "owner": "NixOS",
        "repo": "flake-compat",
        "rev": "5edf11c44bc78a0d334f6334cdaf7d60d732daab",
        "type": "github"
      },
      "original": {
        "owner": "NixOS",
        "repo": "flake-compat",
        "type": "github"
      }
    },
    "flake-parts": {
      "inputs": {
        "nixpkgs-lib": "nixpkgs-lib"
      },
      "locked": {
        "lastModified": 1785627969,
        "narHash": "sha256-4dtXQk/NMePegK/nWp5NSeuZKLATItOq61lpEvmXqGw=",
        "owner": "hercules-ci",
        "repo": "flake-parts",
        "rev": "427bf4bd9435fdf21321c8cc628c24efc14c0f7a",
        "type": "github"
      },
      "original": {
        "owner": "hercules-ci",
        "repo": "flake-parts",
        "type": "github"
      }
    },
    "flake-parts_2": {
      "inputs": {
        "nixpkgs-lib": "nixpkgs-lib_2"
      },
      "locked": {
        "lastModified": 1785627969,
        "narHash": "sha256-4dtXQk/NMePegK/nWp5NSeuZKLATItOq61lpEvmXqGw=",
        "owner": "hercules-ci",
        "repo": "flake-parts",
        "rev": "427bf4bd9435fdf21321c8cc628c24efc14c0f7a",
        "type": "github"
      },
      "original": {
        "owner": "hercules-ci",
        "repo": "flake-parts",
        "type": "github"
      }
    },
    "home-manager": {
      "inputs": {
        "nixpkgs": [
          "nixpkgs"
        ]
      },
      "locked": {
        "lastModified": 1785531816,
        "narHash": "sha256-vkMnV0JIyw+g/NmcfoajlGaAO+9a0ezia+FZohQJrik=",
        "owner": "nix-community",
        "repo": "home-manager",
        "rev": "bf9ce9fec78f95f374e8dd3b503863a3ec128ebe",
        "type": "github"
      },
      "original": {
        "owner": "nix-community",
        "repo": "home-manager",
        "type": "github"
      }
    },
    "low-latency-layer": {
      "inputs": {
        "nixpkgs": [
          "nixpkgs"
        ]
      },
      "locked": {
        "lastModified": 1783958541,
        "narHash": "sha256-J922t2VMfs0W0uLwavFR0rMATIxKSojvF7KzLdH1/+s=",
        "owner": "nmetschke",
        "repo": "nixos-low-latency-layer",
        "rev": "3033a71397a01876b109cf4f7020100fdf61db63",
        "type": "github"
      },
      "original": {
        "owner": "nmetschke",
        "repo": "nixos-low-latency-layer",
        "type": "github"
      }
    },
    "millennium": {
      "inputs": {
        "millennium-src": "millennium-src",
        "nixpkgs": [
          "nixos-millennium",
          "nixpkgs"
        ]
      },
      "locked": {
        "dir": "packages/nix",
        "lastModified": 1783651774,
        "narHash": "sha256-PuCRfdYK2RG6CAYbnjbF6ElkULdqw0G+bhKWeQsJTUw=",
        "owner": "SteamClientHomebrew",
        "repo": "Millennium",
        "rev": "6d6df68fb43e11a73c0a8d0fd1566e4f81f873d1",
        "type": "github"
      },
      "original": {
        "dir": "packages/nix",
        "owner": "SteamClientHomebrew",
        "ref": "next",
        "repo": "Millennium",
        "type": "github"
      }
    },
    "millennium-src": {
      "flake": false,
      "locked": {
        "lastModified": 1783612754,
        "narHash": "sha256-97yND/JauDYEdYEHzuwkUeOUwfd+BCzHpKTmibkQZgw=",
        "owner": "SteamClientHomebrew",
        "repo": "Millennium",
        "rev": "78f1f71a63f18142289926ca435071500ac1cbad",
        "type": "github"
      },
      "original": {
        "owner": "SteamClientHomebrew",
        "repo": "Millennium",
        "rev": "78f1f71a63f18142289926ca435071500ac1cbad",
        "type": "github"
      }
    },
    "nix-cachyos-kernel": {
      "inputs": {
        "flake-compat": "flake-compat",
        "flake-parts": "flake-parts",
        "nixpkgs": "nixpkgs"
      },
      "locked": {
        "lastModified": 1785695781,
        "narHash": "sha256-bh1OUi/3AMR7hytDwhQL+FMr/MklvjcJrlp5ijJKtJw=",
        "owner": "xddxdd",
        "repo": "nix-cachyos-kernel",
        "rev": "e2c327cc00fd5243685fee69e90e4c7eb2f6e8ba",
        "type": "github"
      },
      "original": {
        "owner": "xddxdd",
        "ref": "release",
        "repo": "nix-cachyos-kernel",
        "type": "github"
      }
    },
    "nixos-millennium": {
      "inputs": {
        "flake-parts": "flake-parts_2",
        "millennium": "millennium",
        "nixpkgs": [
          "nixpkgs"
        ]
      },
      "locked": {
        "lastModified": 1785640727,
        "narHash": "sha256-A3uwkjh3+G+fFXqzzAwazKc+p6C364HLJwJsnv1RwJ8=",
        "owner": "re1n0",
        "repo": "nixos-millennium",
        "rev": "52ac9dd30f4e265200599f5c2d5110ca36bcde25",
        "type": "github"
      },
      "original": {
        "owner": "re1n0",
        "repo": "nixos-millennium",
        "type": "github"
      }
    },
    "nixpkgs": {
      "locked": {
        "lastModified": 1785672624,
        "narHash": "sha256-TWz27RiQZf38j17BYGN/V4U2SQVtOE2pFc9u2cy3H3g=",
        "owner": "NixOS",
        "repo": "nixpkgs",
        "rev": "8205539d1c589daf91e3c192fc10fa534acc5326",
        "type": "github"
      },
      "original": {
        "owner": "NixOS",
        "ref": "nixos-unstable-small",
        "repo": "nixpkgs",
        "type": "github"
      }
    },
    "nixpkgs-lib": {
      "locked": {
        "lastModified": 1785031560,
        "narHash": "sha256-OmshNvn2vupOFpYinLUu+1Dnpu4n7Q5N3ggGVNHpkUI=",
        "owner": "nix-community",
        "repo": "nixpkgs.lib",
        "rev": "0e79af5e3d4dcfcd676ab5ba3f95d2e3352e078c",
        "type": "github"
      },
      "original": {
        "owner": "nix-community",
        "repo": "nixpkgs.lib",
        "type": "github"
      }
    },
    "nixpkgs-lib_2": {
      "locked": {
        "lastModified": 1785031560,
        "narHash": "sha256-OmshNvn2vupOFpYinLUu+1Dnpu4n7Q5N3ggGVNHpkUI=",
        "owner": "nix-community",
        "repo": "nixpkgs.lib",
        "rev": "0e79af5e3d4dcfcd676ab5ba3f95d2e3352e078c",
        "type": "github"
      },
      "original": {
        "owner": "nix-community",
        "repo": "nixpkgs.lib",
        "type": "github"
      }
    },
    "nixpkgs-stable": {
      "locked": {
        "lastModified": 1785599192,
        "narHash": "sha256-sTZnq3+3EKM1708T/icNNHH2t596/bu1jolSuj6UBbc=",
        "rev": "6d65bfc1bcef2ef39a239d38e577e92a89fb0f07",
        "type": "tarball",
        "url": "https://releases.nixos.org/nixos/26.05/nixos-26.05.6693.6d65bfc1bcef/nixexprs.tar.xz"
      },
      "original": {
        "id": "nixpkgs",
        "ref": "nixos-26.05",
        "type": "indirect"
      }
    },
    "nixpkgs_2": {
      "locked": {
        "lastModified": 1785571196,
        "narHash": "sha256-KoTsyMQqnXQZq8deCEnu4QkyldkwH/bpMMhUcfMdGIw=",
        "owner": "NixOS",
        "repo": "nixpkgs",
        "rev": "148bab9c1c3c53136ecb44a6ea356a0ed5b39b06",
        "type": "github"
      },
      "original": {
        "owner": "NixOS",
        "ref": "nixos-unstable",
        "repo": "nixpkgs",
        "type": "github"
      }
    },
    "noctalia": {
      "inputs": {
        "nixpkgs": [
          "nixpkgs"
        ]
      },
      "locked": {
        "lastModified": 1785707827,
        "narHash": "sha256-H70rICsCS/cx4KR1Qryln9HJd0iVekP+8or3OCKvPT0=",
        "owner": "noctalia-dev",
        "repo": "noctalia",
        "rev": "5aae077a3563da6fda3fc2a2b8ce9162e3a42019",
        "type": "github"
      },
      "original": {
        "owner": "noctalia-dev",
        "repo": "noctalia",
        "type": "github"
      }
    },
    "root": {
      "inputs": {
        "home-manager": "home-manager",
        "low-latency-layer": "low-latency-layer",
        "nix-cachyos-kernel": "nix-cachyos-kernel",
        "nixos-millennium": "nixos-millennium",
        "nixpkgs": "nixpkgs_2",
        "nixpkgs-stable": "nixpkgs-stable",
        "noctalia": "noctalia"
      }
    }
  },
  "root": "root",
  "version": 7
}
